
Microsoft Visual Studio Solution File, Format Version 12.00
# Visual Studio Version 17
VisualStudioVersion = 17.10.35122.118
MinimumVisualStudioVersion = 10.0.40219.1
Project("{8BC9CEB8-8B4A-11D0-8D11-00A0C91BC942}") = "GameProject", "GameProject.vcxproj", "{C60F6E0E-534F-4CC7-B936-5251862F256A}"
EndProject
Global
	GlobalSection(SolutionConfigurationPlatforms) = preSolution
		Debug|x64 = Debug|x64
		Debug|x86 = Debug|x86
		Release|x64 = Release|x64
		Release|x86 = Release|x86
	EndGlobalSection
	GlobalSection(ProjectConfigurationPlatforms) = postSolution
		{C60F6E0E-534F-4CC7-B936-5251862F256A}.Debug|x64.ActiveCfg = Debug|x64
		{C60F6E0E-534F-4CC7-B936-5251862F256A}.Debug|x64.Build.0 = Debug|x64
		{C60F6E0E-534F-4CC7-B936-5251862F256A}.Debug|x86.ActiveCfg = Debug|Win32
		{C60F6E0E-534F-4CC7-B936-5251862F256A}.Debug|x86.Build.0 = Debug|Win32
		{C60F6E0E-534F-4CC7-B936-5251862F256A}.Release|x64.ActiveCfg = Release|x64
		{C60F6E0E-534F-4CC7-B936-5251862F256A}.Release|x64.Build.0 = Release|x64
		{C60F6E0E-534F-4CC7-B936-5251862F256A}.Release|x86.ActiveCfg = Release|Win32
		{C60F6E0E-534F-4CC7-B936-5251862F256A}.Release|x86.Build.0 = Release|Win32
	EndGlobalSection
	GlobalSection(SolutionProperties) = preSolution
		HideSolutionNode = FALSE
	EndGlobalSection
	GlobalSection(ExtensibilityGlobals) = postSolution
		SolutionGuid = {6F57B65B-6596-4120-86C0-0F5B3C399218}
	EndGlobalSection
EndGlobal
